
Microsoft Visual Studio Solution File, Format Version 12.00
# Visual Studio Version 17
VisualStudioVersion = 17.8.34525.116
MinimumVisualStudioVersion = 10.0.40219.1
Project("{FAE04EC0-301F-11D3-BF4B-00C04F79EFBC}") = "SealedClass", "SealedClass.csproj", "{07042A2F-D7FF-4C37-941A-5A22089E879D}"
EndProject
Global
	GlobalSection(SolutionConfigurationPlatforms) = preSolution
		Debug|Any CPU = Debug|Any CPU
		Release|Any CPU = Release|Any CPU
	EndGlobalSection
	GlobalSection(ProjectConfigurationPlatforms) = postSolution
		{07042A2F-D7FF-4C37-941A-5A22089E879D}.Debug|Any CPU.ActiveCfg = Debug|Any CPU
		{07042A2F-D7FF-4C37-941A-5A22089E879D}.Debug|Any CPU.Build.0 = Debug|Any CPU
		{07042A2F-D7FF-4C37-941A-5A22089E879D}.Release|Any CPU.ActiveCfg = Release|Any CPU
		{07042A2F-D7FF-4C37-941A-5A22089E879D}.Release|Any CPU.Build.0 = Release|Any CPU
	EndGlobalSection
	GlobalSection(SolutionProperties) = preSolution
		HideSolutionNode = FALSE
	EndGlobalSection
	GlobalSection(ExtensibilityGlobals) = postSolution
		SolutionGuid = {124F3BA1-E36A-4BFD-B2B1-D697745AD5D3}
	EndGlobalSection
EndGlobal
